{
  "name": "custback",
  "version": "0.3.0",
  "lockfileVersion": 3,
  "requires": true,
  "packages": {
    "": {
      "name": "custback",
      "version": "0.3.0",
      "hasInstallScript": true,
      "license": "MIT",
      "os": [
        "linux",
        "darwin"
      ],
      "bin": {
        "custback": "packaging/npm/custback.js"
      },
      "engines": {
        "node": ">=18"
      }
    }
  }
}
