{
  "name": "custback",
  "version": "0.4.0",
  "lockfileVersion": 3,
  "requires": true,
  "packages": {
    "": {
      "name": "custback",
      "version": "0.4.0",
      "hasInstallScript": true,
      "license": "MIT",
      "os": [
        "linux",
        "darwin"
      ],
      "bin": {
        "custback": "packaging/npm/custback.js",
        "custback-avatar": "packaging/npm/custback.js",
        "custback-npm-migrate": "packaging/npm/migrate-legacy.js"
      },
      "engines": {
        "node": "^18.15.0 || ^20.0.0 || ^22.0.0"
      }
    }
  }
}
